
Microsoft Visual Studio Solution File, Format Version 12.00
# Visual Studio Version 16
VisualStudioVersion = 16.0.32929.386
MinimumVisualStudioVersion = 10.0.40219.1
Project("{FAE04EC0-301F-11D3-BF4B-00C04F79EFBC}") = "HelloJenkins", "HelloJenkins\HelloJenkins.csproj", "{D5F56FD2-0553-4AAD-BF73-FA88BBD5E6FC}"
EndProject
Project("{FAE04EC0-301F-11D3-BF4B-00C04F79EFBC}") = "Calculator", "Calculator\Calculator.csproj", "{92801F24-F745-42FA-BB66-992E9D56C530}"
EndProject
Global
	GlobalSection(SolutionConfigurationPlatforms) = preSolution
		Debug|Any CPU = Debug|Any CPU
		Release|Any CPU = Release|Any CPU
	EndGlobalSection
	GlobalSection(ProjectConfigurationPlatforms) = postSolution
		{D5F56FD2-0553-4AAD-BF73-FA88BBD5E6FC}.Debug|Any CPU.ActiveCfg = Debug|Any CPU
		{D5F56FD2-0553-4AAD-BF73-FA88BBD5E6FC}.Debug|Any CPU.Build.0 = Debug|Any CPU
		{D5F56FD2-0553-4AAD-BF73-FA88BBD5E6FC}.Release|Any CPU.ActiveCfg = Release|Any CPU
		{D5F56FD2-0553-4AAD-BF73-FA88BBD5E6FC}.Release|Any CPU.Build.0 = Release|Any CPU
		{92801F24-F745-42FA-BB66-992E9D56C530}.Debug|Any CPU.ActiveCfg = Debug|Any CPU
		{92801F24-F745-42FA-BB66-992E9D56C530}.Debug|Any CPU.Build.0 = Debug|Any CPU
		{92801F24-F745-42FA-BB66-992E9D56C530}.Release|Any CPU.ActiveCfg = Release|Any CPU
		{92801F24-F745-42FA-BB66-992E9D56C530}.Release|Any CPU.Build.0 = Release|Any CPU
	EndGlobalSection
	GlobalSection(SolutionProperties) = preSolution
		HideSolutionNode = FALSE
	EndGlobalSection
	GlobalSection(ExtensibilityGlobals) = postSolution
		SolutionGuid = {5473479B-7B91-4B60-AFCE-D2EF3EBE8286}
	EndGlobalSection
EndGlobal
